// !$*UTF8*$!
{
	archiveVersion = 1;
	classes = {
	};
	objectVersion = 46;
	objects = {

/* Begin PBXBuildFile section */
		96293F7E1C5A0AAA00C1D027 /* LICENSE.md in Sources */ = {isa = PBXBuildFile; fileRef = 96293F571C5A0AAA00C1D027 /* LICENSE.md */; };
		96293F7F1C5A0AAA00C1D027 /* EXTRuntimeExtensions.m in Sources */ = {isa = PBXBuildFile; fileRef = 96293F5C1C5A0AAA00C1D027 /* EXTRuntimeExtensions.m */; };
		96293F801C5A0AAA00C1D027 /* EXTScope.m in Sources */ = {isa = PBXBuildFile; fileRef = 96293F5E1C5A0AAA00C1D027 /* EXTScope.m */; };
		96293F811C5A0AAA00C1D027 /* MTLJSONAdapter.m in Sources */ = {isa = PBXBuildFile; fileRef = 96293F621C5A0AAA00C1D027 /* MTLJSONAdapter.m */; };
		96293F821C5A0AAA00C1D027 /* MTLModel+NSCoding.m in Sources */ = {isa = PBXBuildFile; fileRef = 96293F641C5A0AAA00C1D027 /* MTLModel+NSCoding.m */; };
		96293F831C5A0AAA00C1D027 /* MTLModel.m in Sources */ = {isa = PBXBuildFile; fileRef = 96293F661C5A0AAA00C1D027 /* MTLModel.m */; };
		96293F841C5A0AAA00C1D027 /* MTLReflection.m in Sources */ = {isa = PBXBuildFile; fileRef = 96293F681C5A0AAA00C1D027 /* MTLReflection.m */; };
		96293F851C5A0AAA00C1D027 /* MTLTransformerErrorHandling.m in Sources */ = {isa = PBXBuildFile; fileRef = 96293F6A1C5A0AAA00C1D027 /* MTLTransformerErrorHandling.m */; };
		96293F861C5A0AAA00C1D027 /* MTLValueTransformer.m in Sources */ = {isa = PBXBuildFile; fileRef = 96293F6C1C5A0AAA00C1D027 /* MTLValueTransformer.m */; };
		96293F871C5A0AAA00C1D027 /* NSArray+MTLManipulationAdditions.m in Sources */ = {isa = PBXBuildFile; fileRef = 96293F6E1C5A0AAA00C1D027 /* NSArray+MTLManipulationAdditions.m */; };
		96293F881C5A0AAA00C1D027 /* NSDictionary+MTLJSONKeyPath.m in Sources */ = {isa = PBXBuildFile; fileRef = 96293F701C5A0AAA00C1D027 /* NSDictionary+MTLJSONKeyPath.m */; };
		96293F891C5A0AAA00C1D027 /* NSDictionary+MTLManipulationAdditions.m in Sources */ = {isa = PBXBuildFile; fileRef = 96293F721C5A0AAA00C1D027 /* NSDictionary+MTLManipulationAdditions.m */; };
		96293F8A1C5A0AAA00C1D027 /* NSDictionary+MTLMappingAdditions.m in Sources */ = {isa = PBXBuildFile; fileRef = 96293F741C5A0AAA00C1D027 /* NSDictionary+MTLMappingAdditions.m */; };
		96293F8B1C5A0AAA00C1D027 /* NSError+MTLModelException.m in Sources */ = {isa = PBXBuildFile; fileRef = 96293F761C5A0AAA00C1D027 /* NSError+MTLModelException.m */; };
		96293F8C1C5A0AAA00C1D027 /* NSObject+MTLComparisonAdditions.m in Sources */ = {isa = PBXBuildFile; fileRef = 96293F781C5A0AAA00C1D027 /* NSObject+MTLComparisonAdditions.m */; };
		96293F8D1C5A0AAA00C1D027 /* NSValueTransformer+MTLInversionAdditions.m in Sources */ = {isa = PBXBuildFile; fileRef = 96293F7A1C5A0AAA00C1D027 /* NSValueTransformer+MTLInversionAdditions.m */; };
		96293F8E1C5A0AAA00C1D027 /* NSValueTransformer+MTLPredefinedTransformerAdditions.m in Sources */ = {isa = PBXBuildFile; fileRef = 96293F7C1C5A0AAA00C1D027 /* NSValueTransformer+MTLPredefinedTransformerAdditions.m */; };
		96293F8F1C5A0AAA00C1D027 /* README.md in Sources */ = {isa = PBXBuildFile; fileRef = 96293F7D1C5A0AAA00C1D027 /* README.md */; };
		96AF30761C589EE80051D24E /* WLSubMenuCategory.m in Sources */ = {isa = PBXBuildFile; fileRef = 96AF30751C589EE80051D24E /* WLSubMenuCategory.m */; };
		96AF30791C58B51B0051D24E /* WLTableViewCell.m in Sources */ = {isa = PBXBuildFile; fileRef = 96AF30781C58B51B0051D24E /* WLTableViewCell.m */; };
		96DBA6941C5763EB0072AF2A /* WLMenuCategoryViewController.m in Sources */ = {isa = PBXBuildFile; fileRef = 96DBA6921C5763EB0072AF2A /* WLMenuCategoryViewController.m */; };
		96DBA6951C5763EB0072AF2A /* WLMenuCategoryViewController.xib in Resources */ = {isa = PBXBuildFile; fileRef = 96DBA6931C5763EB0072AF2A /* WLMenuCategoryViewController.xib */; };
		D23B07001C571BD5002FFC0E /* main.m in Sources */ = {isa = PBXBuildFile; fileRef = D23B06FF1C571BD5002FFC0E /* main.m */; };
		D23B07031C571BD5002FFC0E /* AppDelegate.m in Sources */ = {isa = PBXBuildFile; fileRef = D23B07021C571BD5002FFC0E /* AppDelegate.m */; };
		D23B07091C571BD5002FFC0E /* Main.storyboard in Resources */ = {isa = PBXBuildFile; fileRef = D23B07071C571BD5002FFC0E /* Main.storyboard */; };
		D23B070C1C571BD5002FFC0E /* WLCookbook.xcdatamodeld in Sources */ = {isa = PBXBuildFile; fileRef = D23B070A1C571BD5002FFC0E /* WLCookbook.xcdatamodeld */; };
		D23B070E1C571BD5002FFC0E /* Assets.xcassets in Resources */ = {isa = PBXBuildFile; fileRef = D23B070D1C571BD5002FFC0E /* Assets.xcassets */; };
		D23B07111C571BD5002FFC0E /* LaunchScreen.storyboard in Resources */ = {isa = PBXBuildFile; fileRef = D23B070F1C571BD5002FFC0E /* LaunchScreen.storyboard */; };
		D23B071B1C571D97002FFC0E /* mobAPI.framework in Frameworks */ = {isa = PBXBuildFile; fileRef = D23B07191C571D97002FFC0E /* mobAPI.framework */; };
		D23B071C1C571D97002FFC0E /* MOBFoundation.framework in Frameworks */ = {isa = PBXBuildFile; fileRef = D23B071A1C571D97002FFC0E /* MOBFoundation.framework */; };
		D23B071E1C571DD9002FFC0E /* libicucore.tbd in Frameworks */ = {isa = PBXBuildFile; fileRef = D23B071D1C571DD9002FFC0E /* libicucore.tbd */; };
		D23B07201C571DE1002FFC0E /* libz.tbd in Frameworks */ = {isa = PBXBuildFile; fileRef = D23B071F1C571DE1002FFC0E /* libz.tbd */; };
		D23B07221C571DEA002FFC0E /* libstdc++.tbd in Frameworks */ = {isa = PBXBuildFile; fileRef = D23B07211C571DEA002FFC0E /* libstdc++.tbd */; };
		D23B07241C571DEF002FFC0E /* JavaScriptCore.framework in Frameworks */ = {isa = PBXBuildFile; fileRef = D23B07231C571DEF002FFC0E /* JavaScriptCore.framework */; };
		D23B072A1C57231B002FFC0E /* WLMainViewController.m in Sources */ = {isa = PBXBuildFile; fileRef = D23B07291C57231B002FFC0E /* WLMainViewController.m */; };
		D23B07301C573D25002FFC0E /* WLMenuDataManager.m in Sources */ = {isa = PBXBuildFile; fileRef = D23B072F1C573D25002FFC0E /* WLMenuDataManager.m */; };
		D23B07351C573E4C002FFC0E /* WLMenuCategory.m in Sources */ = {isa = PBXBuildFile; fileRef = D23B07341C573E4C002FFC0E /* WLMenuCategory.m */; };
		D23B07381C575434002FFC0E /* WLNaviViewController.m in Sources */ = {isa = PBXBuildFile; fileRef = D23B07371C575434002FFC0E /* WLNaviViewController.m */; };
/* End PBXBuildFile section */

/* Begin PBXFileReference section */
		96293F571C5A0AAA00C1D027 /* LICENSE.md */ = {isa = PBXFileReference; fileEncoding = 4; lastKnownFileType = net.daringfireball.markdown; path = LICENSE.md; sourceTree = "<group>"; };
		96293F5A1C5A0AAA00C1D027 /* EXTKeyPathCoding.h */ = {isa = PBXFileReference; fileEncoding = 4; lastKnownFileType = sourcecode.c.h; path = EXTKeyPathCoding.h; sourceTree = "<group>"; };
		96293F5B1C5A0AAA00C1D027 /* EXTRuntimeExtensions.h */ = {isa = PBXFileReference; fileEncoding = 4; lastKnownFileType = sourcecode.c.h; path = EXTRuntimeExtensions.h; sourceTree = "<group>"; };
		96293F5C1C5A0AAA00C1D027 /* EXTRuntimeExtensions.m */ = {isa = PBXFileReference; fileEncoding = 4; lastKnownFileType = sourcecode.c.objc; path = EXTRuntimeExtensions.m; sourceTree = "<group>"; };
		96293F5D1C5A0AAA00C1D027 /* EXTScope.h */ = {isa = PBXFileReference; fileEncoding = 4; lastKnownFileType = sourcecode.c.h; path = EXTScope.h; sourceTree = "<group>"; };
		96293F5E1C5A0AAA00C1D027 /* EXTScope.m */ = {isa = PBXFileReference; fileEncoding = 4; lastKnownFileType = sourcecode.c.objc; path = EXTScope.m; sourceTree = "<group>"; };
		96293F5F1C5A0AAA00C1D027 /* metamacros.h */ = {isa = PBXFileReference; fileEncoding = 4; lastKnownFileType = sourcecode.c.h; path = metamacros.h; sourceTree = "<group>"; };
		96293F601C5A0AAA00C1D027 /* Mantle.h */ = {isa = PBXFileReference; fileEncoding = 4; lastKnownFileType = sourcecode.c.h; path = Mantle.h; sourceTree = "<group>"; };
		96293F611C5A0AAA00C1D027 /* MTLJSONAdapter.h */ = {isa = PBXFileReference; fileEncoding = 4; lastKnownFileType = sourcecode.c.h; path = MTLJSONAdapter.h; sourceTree = "<group>"; };
		96293F621C5A0AAA00C1D027 /* MTLJSONAdapter.m */ = {isa = PBXFileReference; fileEncoding = 4; lastKnownFileType = sourcecode.c.objc; path = MTLJSONAdapter.m; sourceTree = "<group>"; };
		96293F631C5A0AAA00C1D027 /* MTLModel+NSCoding.h */ = {isa = PBXFileReference; fileEncoding = 4; lastKnownFileType = sourcecode.c.h; path = "MTLModel+NSCoding.h"; sourceTree = "<group>"; };
		96293F641C5A0AAA00C1D027 /* MTLModel+NSCoding.m */ = {isa = PBXFileReference; fileEncoding = 4; lastKnownFileType = sourcecode.c.objc; path = "MTLModel+NSCoding.m"; sourceTree = "<group>"; };
		96293F651C5A0AAA00C1D027 /* MTLModel.h */ = {isa = PBXFileReference; fileEncoding = 4; lastKnownFileType = sourcecode.c.h; path = MTLModel.h; sourceTree = "<group>"; };
		96293F661C5A0AAA00C1D027 /* MTLModel.m */ = {isa = PBXFileReference; fileEncoding = 4; lastKnownFileType = sourcecode.c.objc; path = MTLModel.m; sourceTree = "<group>"; };
		96293F671C5A0AAA00C1D027 /* MTLReflection.h */ = {isa = PBXFileReference; fileEncoding = 4; lastKnownFileType = sourcecode.c.h; path = MTLReflection.h; sourceTree = "<group>"; };
		96293F681C5A0AAA00C1D027 /* MTLReflection.m */ = {isa = PBXFileReference; fileEncoding = 4; lastKnownFileType = sourcecode.c.objc; path = MTLReflection.m; sourceTree = "<group>"; };
		96293F691C5A0AAA00C1D027 /* MTLTransformerErrorHandling.h */ = {isa = PBXFileReference; fileEncoding = 4; lastKnownFileType = sourcecode.c.h; path = MTLTransformerErrorHandling.h; sourceTree = "<group>"; };
		96293F6A1C5A0AAA00C1D027 /* MTLTransformerErrorHandling.m */ = {isa = PBXFileReference; fileEncoding = 4; lastKnownFileType = sourcecode.c.objc; path = MTLTransformerErrorHandling.m; sourceTree = "<group>"; };
		96293F6B1C5A0AAA00C1D027 /* MTLValueTransformer.h */ = {isa = PBXFileReference; fileEncoding = 4; lastKnownFileType = sourcecode.c.h; path = MTLValueTransformer.h; sourceTree = "<group>"; };
		96293F6C1C5A0AAA00C1D027 /* MTLValueTransformer.m */ = {isa = PBXFileReference; fileEncoding = 4; lastKnownFileType = sourcecode.c.objc; path = MTLValueTransformer.m; sourceTree = "<group>"; };
		96293F6D1C5A0AAA00C1D027 /* NSArray+MTLManipulationAdditions.h */ = {isa = PBXFileReference; fileEncoding = 4; lastKnownFileType = sourcecode.c.h; path = "NSArray+MTLManipulationAdditions.h"; sourceTree = "<group>"; };
		96293F6E1C5A0AAA00C1D027 /* NSArray+MTLManipulationAdditions.m */ = {isa = PBXFileReference; fileEncoding = 4; lastKnownFileType = sourcecode.c.objc; path = "NSArray+MTLManipulationAdditions.m"; sourceTree = "<group>"; };
		96293F6F1C5A0AAA00C1D027 /* NSDictionary+MTLJSONKeyPath.h */ = {isa = PBXFileReference; fileEncoding = 4; lastKnownFileType = sourcecode.c.h; path = "NSDictionary+MTLJSONKeyPath.h"; sourceTree = "<group>"; };
		96293F701C5A0AAA00C1D027 /* NSDictionary+MTLJSONKeyPath.m */ = {isa = PBXFileReference; fileEncoding = 4; lastKnownFileType = sourcecode.c.objc; path = "NSDictionary+MTLJSONKeyPath.m"; sourceTree = "<group>"; };
		96293F711C5A0AAA00C1D027 /* NSDictionary+MTLManipulationAdditions.h */ = {isa = PBXFileReference; fileEncoding = 4; lastKnownFileType = sourcecode.c.h; path = "NSDictionary+MTLManipulationAdditions.h"; sourceTree = "<group>"; };
		96293F721C5A0AAA00C1D027 /* NSDictionary+MTLManipulationAdditions.m */ = {isa = PBXFileReference; fileEncoding = 4; lastKnownFileType = sourcecode.c.objc; path = "NSDictionary+MTLManipulationAdditions.m"; sourceTree = "<group>"; };
		96293F731C5A0AAA00C1D027 /* NSDictionary+MTLMappingAdditions.h */ = {isa = PBXFileReference; fileEncoding = 4; lastKnownFileType = sourcecode.c.h; path = "NSDictionary+MTLMappingAdditions.h"; sourceTree = "<group>"; };
		96293F741C5A0AAA00C1D027 /* NSDictionary+MTLMappingAdditions.m */ = {isa = PBXFileReference; fileEncoding = 4; lastKnownFileType = sourcecode.c.objc; path = "NSDictionary+MTLMappingAdditions.m"; sourceTree = "<group>"; };
		96293F751C5A0AAA00C1D027 /* NSError+MTLModelException.h */ = {isa = PBXFileReference; fileEncoding = 4; lastKnownFileType = sourcecode.c.h; path = "NSError+MTLModelException.h"; sourceTree = "<group>"; };
		96293F761C5A0AAA00C1D027 /* NSError+MTLModelException.m */ = {isa = PBXFileReference; fileEncoding = 4; lastKnownFileType = sourcecode.c.objc; path = "NSError+MTLModelException.m"; sourceTree = "<group>"; };
		96293F771C5A0AAA00C1D027 /* NSObject+MTLComparisonAdditions.h */ = {isa = PBXFileReference; fileEncoding = 4; lastKnownFileType = sourcecode.c.h; path = "NSObject+MTLComparisonAdditions.h"; sourceTree = "<group>"; };
		96293F781C5A0AAA00C1D027 /* NSObject+MTLComparisonAdditions.m */ = {isa = PBXFileReference; fileEncoding = 4; lastKnownFileType = sourcecode.c.objc; path = "NSObject+MTLComparisonAdditions.m"; sourceTree = "<group>"; };
		96293F791C5A0AAA00C1D027 /* NSValueTransformer+MTLInversionAdditions.h */ = {isa = PBXFileReference; fileEncoding = 4; lastKnownFileType = sourcecode.c.h; path = "NSValueTransformer+MTLInversionAdditions.h"; sourceTree = "<group>"; };
		96293F7A1C5A0AAA00C1D027 /* NSValueTransformer+MTLInversionAdditions.m */ = {isa = PBXFileReference; fileEncoding = 4; lastKnownFileType = sourcecode.c.objc; path = "NSValueTransformer+MTLInversionAdditions.m"; sourceTree = "<group>"; };
		96293F7B1C5A0AAA00C1D027 /* NSValueTransformer+MTLPredefinedTransformerAdditions.h */ = {isa = PBXFileReference; fileEncoding = 4; lastKnownFileType = sourcecode.c.h; path = "NSValueTransformer+MTLPredefinedTransformerAdditions.h"; sourceTree = "<group>"; };
		96293F7C1C5A0AAA00C1D027 /* NSValueTransformer+MTLPredefinedTransformerAdditions.m */ = {isa = PBXFileReference; fileEncoding = 4; lastKnownFileType = sourcecode.c.objc; path = "NSValueTransformer+MTLPredefinedTransformerAdditions.m"; sourceTree = "<group>"; };
		96293F7D1C5A0AAA00C1D027 /* README.md */ = {isa = PBXFileReference; fileEncoding = 4; lastKnownFileType = net.daringfireball.markdown; path = README.md; sourceTree = "<group>"; };
		96AF30741C589EE80051D24E /* WLSubMenuCategory.h */ = {isa = PBXFileReference; fileEncoding = 4; lastKnownFileType = sourcecode.c.h; path = WLSubMenuCategory.h; sourceTree = "<group>"; };
		96AF30751C589EE80051D24E /* WLSubMenuCategory.m */ = {isa = PBXFileReference; fileEncoding = 4; lastKnownFileType = sourcecode.c.objc; path = WLSubMenuCategory.m; sourceTree = "<group>"; };
		96AF30771C58B51B0051D24E /* WLTableViewCell.h */ = {isa = PBXFileReference; fileEncoding = 4; lastKnownFileType = sourcecode.c.h; path = WLTableViewCell.h; sourceTree = "<group>"; };
		96AF30781C58B51B0051D24E /* WLTableViewCell.m */ = {isa = PBXFileReference; fileEncoding = 4; lastKnownFileType = sourcecode.c.objc; path = WLTableViewCell.m; sourceTree = "<group>"; };
		96DBA6911C5763EB0072AF2A /* WLMenuCategoryViewController.h */ = {isa = PBXFileReference; fileEncoding = 4; lastKnownFileType = sourcecode.c.h; path = WLMenuCategoryViewController.h; sourceTree = "<group>"; };
		96DBA6921C5763EB0072AF2A /* WLMenuCategoryViewController.m */ = {isa = PBXFileReference; fileEncoding = 4; lastKnownFileType = sourcecode.c.objc; path = WLMenuCategoryViewController.m; sourceTree = "<group>"; };
		96DBA6931C5763EB0072AF2A /* WLMenuCategoryViewController.xib */ = {isa = PBXFileReference; fileEncoding = 4; lastKnownFileType = file.xib; path = WLMenuCategoryViewController.xib; sourceTree = "<group>"; };
		D23B06FB1C571BD5002FFC0E /* WLCookbook.app */ = {isa = PBXFileReference; explicitFileType = wrapper.application; includeInIndex = 0; path = WLCookbook.app; sourceTree = BUILT_PRODUCTS_DIR; };
		D23B06FF1C571BD5002FFC0E /* main.m */ = {isa = PBXFileReference; lastKnownFileType = sourcecode.c.objc; path = main.m; sourceTree = "<group>"; };
		D23B07011C571BD5002FFC0E /* AppDelegate.h */ = {isa = PBXFileReference; lastKnownFileType = sourcecode.c.h; name = AppDelegate.h; path = ../AppDelegate.h; sourceTree = "<group>"; };
		D23B07021C571BD5002FFC0E /* AppDelegate.m */ = {isa = PBXFileReference; lastKnownFileType = sourcecode.c.objc; name = AppDelegate.m; path = ../AppDelegate.m; sourceTree = "<group>"; };
		D23B07081C571BD5002FFC0E /* Base */ = {isa = PBXFileReference; lastKnownFileType = file.storyboard; name = Base; path = Base.lproj/Main.storyboard; sourceTree = "<group>"; };
		D23B070B1C571BD5002FFC0E /* WLCookbook.xcdatamodel */ = {isa = PBXFileReference; lastKnownFileType = wrapper.xcdatamodel; path = WLCookbook.xcdatamodel; sourceTree = "<group>"; };
		D23B070D1C571BD5002FFC0E /* Assets.xcassets */ = {isa = PBXFileReference; lastKnownFileType = folder.assetcatalog; path = Assets.xcassets; sourceTree = "<group>"; };
		D23B07101C571BD5002FFC0E /* Base */ = {isa = PBXFileReference; lastKnownFileType = file.storyboard; name = Base; path = Base.lproj/LaunchScreen.storyboard; sourceTree = "<group>"; };
		D23B07121C571BD5002FFC0E /* Info.plist */ = {isa = PBXFileReference; lastKnownFileType = text.plist.xml; name = Info.plist; path = ../Info.plist; sourceTree = "<group>"; };
		D23B07191C571D97002FFC0E /* mobAPI.framework */ = {isa = PBXFileReference; lastKnownFileType = wrapper.framework; path = mobAPI.framework; sourceTree = "<group>"; };
		D23B071A1C571D97002FFC0E /* MOBFoundation.framework */ = {isa = PBXFileReference; lastKnownFileType = wrapper.framework; path = MOBFoundation.framework; sourceTree = "<group>"; };
		D23B071D1C571DD9002FFC0E /* libicucore.tbd */ = {isa = PBXFileReference; lastKnownFileType = "sourcecode.text-based-dylib-definition"; name = libicucore.tbd; path = usr/lib/libicucore.tbd; sourceTree = SDKROOT; };
		D23B071F1C571DE1002FFC0E /* libz.tbd */ = {isa = PBXFileReference; lastKnownFileType = "sourcecode.text-based-dylib-definition"; name = libz.tbd; path = usr/lib/libz.tbd; sourceTree = SDKROOT; };
		D23B07211C571DEA002FFC0E /* libstdc++.tbd */ = {isa = PBXFileReference; lastKnownFileType = "sourcecode.text-based-dylib-definition"; name = "libstdc++.tbd"; path = "usr/lib/libstdc++.tbd"; sourceTree = SDKROOT; };
		D23B07231C571DEF002FFC0E /* JavaScriptCore.framework */ = {isa = PBXFileReference; lastKnownFileType = wrapper.framework; name = JavaScriptCore.framework; path = System/Library/Frameworks/JavaScriptCore.framework; sourceTree = SDKROOT; };
		D23B07281C57231B002FFC0E /* WLMainViewController.h */ = {isa = PBXFileReference; fileEncoding = 4; lastKnownFileType = sourcecode.c.h; name = WLMainViewController.h; path = ../WLMainViewController.h; sourceTree = "<group>"; };
		D23B07291C57231B002FFC0E /* WLMainViewController.m */ = {isa = PBXFileReference; fileEncoding = 4; lastKnownFileType = sourcecode.c.objc; name = WLMainViewController.m; path = ../WLMainViewController.m; sourceTree = "<group>"; };
		D23B072E1C573D25002FFC0E /* WLMenuDataManager.h */ = {isa = PBXFileReference; fileEncoding = 4; lastKnownFileType = sourcecode.c.h; name = WLMenuDataManager.h; path = ../Models/WLMenuDataManager.h; sourceTree = "<group>"; };
		D23B072F1C573D25002FFC0E /* WLMenuDataManager.m */ = {isa = PBXFileReference; fileEncoding = 4; lastKnownFileType = sourcecode.c.objc; name = WLMenuDataManager.m; path = ../Models/WLMenuDataManager.m; sourceTree = "<group>"; };
		D23B07331C573E4C002FFC0E /* WLMenuCategory.h */ = {isa = PBXFileReference; fileEncoding = 4; lastKnownFileType = sourcecode.c.h; path = WLMenuCategory.h; sourceTree = "<group>"; };
		D23B07341C573E4C002FFC0E /* WLMenuCategory.m */ = {isa = PBXFileReference; fileEncoding = 4; lastKnownFileType = sourcecode.c.objc; path = WLMenuCategory.m; sourceTree = "<group>"; };
		D23B07361C575434002FFC0E /* WLNaviViewController.h */ = {isa = PBXFileReference; fileEncoding = 4; lastKnownFileType = sourcecode.c.h; path = WLNaviViewController.h; sourceTree = "<group>"; };
		D23B07371C575434002FFC0E /* WLNaviViewController.m */ = {isa = PBXFileReference; fileEncoding = 4; lastKnownFileType = sourcecode.c.objc; path = WLNaviViewController.m; sourceTree = "<group>"; };
/* End PBXFileReference section */

/* Begin PBXFrameworksBuildPhase section */
		D23B06F81C571BD5002FFC0E /* Frameworks */ = {
			isa = PBXFrameworksBuildPhase;
			buildActionMask = 2147483647;
			files = (
				D23B07241C571DEF002FFC0E /* JavaScriptCore.framework in Frameworks */,
				D23B07221C571DEA002FFC0E /* libstdc++.tbd in Frameworks */,
				D23B07201C571DE1002FFC0E /* libz.tbd in Frameworks */,
				D23B071E1C571DD9002FFC0E /* libicucore.tbd in Frameworks */,
				D23B071C1C571D97002FFC0E /* MOBFoundation.framework in Frameworks */,
				D23B071B1C571D97002FFC0E /* mobAPI.framework in Frameworks */,
			);
			runOnlyForDeploymentPostprocessing = 0;
		};
/* End PBXFrameworksBuildPhase section */

/* Begin PBXGroup section */
		96293F561C5A0AAA00C1D027 /* Mantle */ = {
			isa = PBXGroup;
			children = (
				96293F571C5A0AAA00C1D027 /* LICENSE.md */,
				96293F581C5A0AAA00C1D027 /* Mantle */,
				96293F7D1C5A0AAA00C1D027 /* README.md */,
			);
			path = Mantle;
			sourceTree = "<group>";
		};
		96293F581C5A0AAA00C1D027 /* Mantle */ = {
			isa = PBXGroup;
			children = (
				96293F591C5A0AAA00C1D027 /* extobjc */,
				96293F601C5A0AAA00C1D027 /* Mantle.h */,
				96293F611C5A0AAA00C1D027 /* MTLJSONAdapter.h */,
				96293F621C5A0AAA00C1D027 /* MTLJSONAdapter.m */,
				96293F631C5A0AAA00C1D027 /* MTLModel+NSCoding.h */,
				96293F641C5A0AAA00C1D027 /* MTLModel+NSCoding.m */,
				96293F651C5A0AAA00C1D027 /* MTLModel.h */,
				96293F661C5A0AAA00C1D027 /* MTLModel.m */,
				96293F671C5A0AAA00C1D027 /* MTLReflection.h */,
				96293F681C5A0AAA00C1D027 /* MTLReflection.m */,
				96293F691C5A0AAA00C1D027 /* MTLTransformerErrorHandling.h */,
				96293F6A1C5A0AAA00C1D027 /* MTLTransformerErrorHandling.m */,
				96293F6B1C5A0AAA00C1D027 /* MTLValueTransformer.h */,
				96293F6C1C5A0AAA00C1D027 /* MTLValueTransformer.m */,
				96293F6D1C5A0AAA00C1D027 /* NSArray+MTLManipulationAdditions.h */,
				96293F6E1C5A0AAA00C1D027 /* NSArray+MTLManipulationAdditions.m */,
				96293F6F1C5A0AAA00C1D027 /* NSDictionary+MTLJSONKeyPath.h */,
				96293F701C5A0AAA00C1D027 /* NSDictionary+MTLJSONKeyPath.m */,
				96293F711C5A0AAA00C1D027 /* NSDictionary+MTLManipulationAdditions.h */,
				96293F721C5A0AAA00C1D027 /* NSDictionary+MTLManipulationAdditions.m */,
				96293F731C5A0AAA00C1D027 /* NSDictionary+MTLMappingAdditions.h */,
				96293F741C5A0AAA00C1D027 /* NSDictionary+MTLMappingAdditions.m */,
				96293F751C5A0AAA00C1D027 /* NSError+MTLModelException.h */,
				96293F761C5A0AAA00C1D027 /* NSError+MTLModelException.m */,
				96293F771C5A0AAA00C1D027 /* NSObject+MTLComparisonAdditions.h */,
				96293F781C5A0AAA00C1D027 /* NSObject+MTLComparisonAdditions.m */,
				96293F791C5A0AAA00C1D027 /* NSValueTransformer+MTLInversionAdditions.h */,
				96293F7A1C5A0AAA00C1D027 /* NSValueTransformer+MTLInversionAdditions.m */,
				96293F7B1C5A0AAA00C1D027 /* NSValueTransformer+MTLPredefinedTransformerAdditions.h */,
				96293F7C1C5A0AAA00C1D027 /* NSValueTransformer+MTLPredefinedTransformerAdditions.m */,
			);
			path = Mantle;
			sourceTree = "<group>";
		};
		96293F591C5A0AAA00C1D027 /* extobjc */ = {
			isa = PBXGroup;
			children = (
				96293F5A1C5A0AAA00C1D027 /* EXTKeyPathCoding.h */,
				96293F5B1C5A0AAA00C1D027 /* EXTRuntimeExtensions.h */,
				96293F5C1C5A0AAA00C1D027 /* EXTRuntimeExtensions.m */,
				96293F5D1C5A0AAA00C1D027 /* EXTScope.h */,
				96293F5E1C5A0AAA00C1D027 /* EXTScope.m */,
				96293F5F1C5A0AAA00C1D027 /* metamacros.h */,
			);
			path = extobjc;
			sourceTree = "<group>";
		};
		D23B06F21C571BD5002FFC0E = {
			isa = PBXGroup;
			children = (
				D23B06FD1C571BD5002FFC0E /* WLCookbook */,
				D23B06FC1C571BD5002FFC0E /* Products */,
			);
			sourceTree = "<group>";
		};
		D23B06FC1C571BD5002FFC0E /* Products */ = {
			isa = PBXGroup;
			children = (
				D23B06FB1C571BD5002FFC0E /* WLCookbook.app */,
			);
			name = Products;
			sourceTree = "<group>";
		};
		D23B06FD1C571BD5002FFC0E /* WLCookbook */ = {
			isa = PBXGroup;
			children = (
				D23B07181C571D97002FFC0E /* libraries */,
				D23B072C1C573D07002FFC0E /* Models */,
				D23B072D1C573D07002FFC0E /* Views */,
				D23B072B1C573D07002FFC0E /* Controllers */,
				D23B07311C573D78002FFC0E /* Tools */,
				D23B07321C573D9A002FFC0E /* Others */,
				D23B07071C571BD5002FFC0E /* Main.storyboard */,
				D23B070D1C571BD5002FFC0E /* Assets.xcassets */,
				D23B070A1C571BD5002FFC0E /* WLCookbook.xcdatamodeld */,
				D23B06FE1C571BD5002FFC0E /* Supporting Files */,
			);
			path = WLCookbook;
			sourceTree = "<group>";
		};
		D23B06FE1C571BD5002FFC0E /* Supporting Files */ = {
			isa = PBXGroup;
			children = (
				D23B06FF1C571BD5002FFC0E /* main.m */,
			);
			name = "Supporting Files";
			sourceTree = "<group>";
		};
		D23B07181C571D97002FFC0E /* libraries */ = {
			isa = PBXGroup;
			children = (
				96293F561C5A0AAA00C1D027 /* Mantle */,
				D23B07231C571DEF002FFC0E /* JavaScriptCore.framework */,
				D23B07211C571DEA002FFC0E /* libstdc++.tbd */,
				D23B071F1C571DE1002FFC0E /* libz.tbd */,
				D23B071D1C571DD9002FFC0E /* libicucore.tbd */,
				D23B07191C571D97002FFC0E /* mobAPI.framework */,
				D23B071A1C571D97002FFC0E /* MOBFoundation.framework */,
			);
			path = libraries;
			sourceTree = "<group>";
		};
		D23B072B1C573D07002FFC0E /* Controllers */ = {
			isa = PBXGroup;
			children = (
				D23B07361C575434002FFC0E /* WLNaviViewController.h */,
				D23B07371C575434002FFC0E /* WLNaviViewController.m */,
				D23B07281C57231B002FFC0E /* WLMainViewController.h */,
				D23B07291C57231B002FFC0E /* WLMainViewController.m */,
			);
			path = Controllers;
			sourceTree = "<group>";
		};
		D23B072C1C573D07002FFC0E /* Models */ = {
			isa = PBXGroup;
			children = (
				D23B07331C573E4C002FFC0E /* WLMenuCategory.h */,
				D23B07341C573E4C002FFC0E /* WLMenuCategory.m */,
				96AF30741C589EE80051D24E /* WLSubMenuCategory.h */,
				96AF30751C589EE80051D24E /* WLSubMenuCategory.m */,
			);
			path = Models;
			sourceTree = "<group>";
		};
		D23B072D1C573D07002FFC0E /* Views */ = {
			isa = PBXGroup;
			children = (
				96AF30771C58B51B0051D24E /* WLTableViewCell.h */,
				96AF30781C58B51B0051D24E /* WLTableViewCell.m */,
				96DBA6911C5763EB0072AF2A /* WLMenuCategoryViewController.h */,
				96DBA6921C5763EB0072AF2A /* WLMenuCategoryViewController.m */,
				96DBA6931C5763EB0072AF2A /* WLMenuCategoryViewController.xib */,
			);
			path = Views;
			sourceTree = "<group>";
		};
		D23B07311C573D78002FFC0E /* Tools */ = {
			isa = PBXGroup;
			children = (
				D23B072E1C573D25002FFC0E /* WLMenuDataManager.h */,
				D23B072F1C573D25002FFC0E /* WLMenuDataManager.m */,
			);
			path = Tools;
			sourceTree = "<group>";
		};
		D23B07321C573D9A002FFC0E /* Others */ = {
			isa = PBXGroup;
			children = (
				D23B070F1C571BD5002FFC0E /* LaunchScreen.storyboard */,
				D23B07121C571BD5002FFC0E /* Info.plist */,
				D23B07011C571BD5002FFC0E /* AppDelegate.h */,
				D23B07021C571BD5002FFC0E /* AppDelegate.m */,
			);
			path = Others;
			sourceTree = "<group>";
		};
/* End PBXGroup section */

/* Begin PBXNativeTarget section */
		D23B06FA1C571BD5002FFC0E /* WLCookbook */ = {
			isa = PBXNativeTarget;
			buildConfigurationList = D23B07151C571BD5002FFC0E /* Build configuration list for PBXNativeTarget "WLCookbook" */;
			buildPhases = (
				D23B06F71C571BD5002FFC0E /* Sources */,
				D23B06F81C571BD5002FFC0E /* Frameworks */,
				D23B06F91C571BD5002FFC0E /* Resources */,
			);
			buildRules = (
			);
			dependencies = (
			);
			name = WLCookbook;
			productName = WLCookbook;
			productReference = D23B06FB1C571BD5002FFC0E /* WLCookbook.app */;
			productType = "com.apple.product-type.application";
		};
/* End PBXNativeTarget section */

/* Begin PBXProject section */
		D23B06F31C571BD5002FFC0E /* Project object */ = {
			isa = PBXProject;
			attributes = {
				LastUpgradeCheck = 0710;
				ORGANIZATIONNAME = wonderLiu;
				TargetAttributes = {
					D23B06FA1C571BD5002FFC0E = {
						CreatedOnToolsVersion = 7.1;
					};
				};
			};
			buildConfigurationList = D23B06F61C571BD5002FFC0E /* Build configuration list for PBXProject "WLCookbook" */;
			compatibilityVersion = "Xcode 3.2";
			developmentRegion = English;
			hasScannedForEncodings = 0;
			knownRegions = (
				en,
				Base,
			);
			mainGroup = D23B06F21C571BD5002FFC0E;
			productRefGroup = D23B06FC1C571BD5002FFC0E /* Products */;
			projectDirPath = "";
			projectRoot = "";
			targets = (
				D23B06FA1C571BD5002FFC0E /* WLCookbook */,
			);
		};
/* End PBXProject section */

/* Begin PBXResourcesBuildPhase section */
		D23B06F91C571BD5002FFC0E /* Resources */ = {
			isa = PBXResourcesBuildPhase;
			buildActionMask = 2147483647;
			files = (
				96DBA6951C5763EB0072AF2A /* WLMenuCategoryViewController.xib in Resources */,
				D23B07111C571BD5002FFC0E /* LaunchScreen.storyboard in Resources */,
				D23B070E1C571BD5002FFC0E /* Assets.xcassets in Resources */,
				D23B07091C571BD5002FFC0E /* Main.storyboard in Resources */,
			);
			runOnlyForDeploymentPostprocessing = 0;
		};
/* End PBXResourcesBuildPhase section */

/* Begin PBXSourcesBuildPhase section */
		D23B06F71C571BD5002FFC0E /* Sources */ = {
			isa = PBXSourcesBuildPhase;
			buildActionMask = 2147483647;
			files = (
				D23B070C1C571BD5002FFC0E /* WLCookbook.xcdatamodeld in Sources */,
				96293F8B1C5A0AAA00C1D027 /* NSError+MTLModelException.m in Sources */,
				96293F871C5A0AAA00C1D027 /* NSArray+MTLManipulationAdditions.m in Sources */,
				96293F861C5A0AAA00C1D027 /* MTLValueTransformer.m in Sources */,
				D23B07351C573E4C002FFC0E /* WLMenuCategory.m in Sources */,
				96AF30791C58B51B0051D24E /* WLTableViewCell.m in Sources */,
				96293F8D1C5A0AAA00C1D027 /* NSValueTransformer+MTLInversionAdditions.m in Sources */,
				96293F891C5A0AAA00C1D027 /* NSDictionary+MTLManipulationAdditions.m in Sources */,
				96293F8E1C5A0AAA00C1D027 /* NSValueTransformer+MTLPredefinedTransformerAdditions.m in Sources */,
				96293F831C5A0AAA00C1D027 /* MTLModel.m in Sources */,
				96293F8F1C5A0AAA00C1D027 /* README.md in Sources */,
				96293F8A1C5A0AAA00C1D027 /* NSDictionary+MTLMappingAdditions.m in Sources */,
				96293F8C1C5A0AAA00C1D027 /* NSObject+MTLComparisonAdditions.m in Sources */,
				D23B07381C575434002FFC0E /* WLNaviViewController.m in Sources */,
				96AF30761C589EE80051D24E /* WLSubMenuCategory.m in Sources */,
				96293F811C5A0AAA00C1D027 /* MTLJSONAdapter.m in Sources */,
				D23B072A1C57231B002FFC0E /* WLMainViewController.m in Sources */,
				D23B07301C573D25002FFC0E /* WLMenuDataManager.m in Sources */,
				96293F851C5A0AAA00C1D027 /* MTLTransformerErrorHandling.m in Sources */,
				96293F801C5A0AAA00C1D027 /* EXTScope.m in Sources */,
				D23B07031C571BD5002FFC0E /* AppDelegate.m in Sources */,
				96293F841C5A0AAA00C1D027 /* MTLReflection.m in Sources */,
				96DBA6941C5763EB0072AF2A /* WLMenuCategoryViewController.m in Sources */,
				D23B07001C571BD5002FFC0E /* main.m in Sources */,
				96293F821C5A0AAA00C1D027 /* MTLModel+NSCoding.m in Sources */,
				96293F881C5A0AAA00C1D027 /* NSDictionary+MTLJSONKeyPath.m in Sources */,
				96293F7F1C5A0AAA00C1D027 /* EXTRuntimeExtensions.m in Sources */,
				96293F7E1C5A0AAA00C1D027 /* LICENSE.md in Sources */,
			);
			runOnlyForDeploymentPostprocessing = 0;
		};
/* End PBXSourcesBuildPhase section */

/* Begin PBXVariantGroup section */
		D23B07071C571BD5002FFC0E /* Main.storyboard */ = {
			isa = PBXVariantGroup;
			children = (
				D23B07081C571BD5002FFC0E /* Base */,
			);
			name = Main.storyboard;
			sourceTree = "<group>";
		};
		D23B070F1C571BD5002FFC0E /* LaunchScreen.storyboard */ = {
			isa = PBXVariantGroup;
			children = (
				D23B07101C571BD5002FFC0E /* Base */,
			);
			name = LaunchScreen.storyboard;
			path = ..;
			sourceTree = "<group>";
		};
/* End PBXVariantGroup section */

/* Begin XCBuildConfiguration section */
		D23B07131C571BD5002FFC0E /* Debug */ = {
			isa = XCBuildConfiguration;
			buildSettings = {
				ALWAYS_SEARCH_USER_PATHS = NO;
				CLANG_CXX_LANGUAGE_STANDARD = "gnu++0x";
				CLANG_CXX_LIBRARY = "libc++";
				CLANG_ENABLE_MODULES = YES;
				CLANG_ENABLE_OBJC_ARC = YES;
				CLANG_WARN_BOOL_CONVERSION = YES;
				CLANG_WARN_CONSTANT_CONVERSION = YES;
				CLANG_WARN_DIRECT_OBJC_ISA_USAGE = YES_ERROR;
				CLANG_WARN_EMPTY_BODY = YES;
				CLANG_WARN_ENUM_CONVERSION = YES;
				CLANG_WARN_INT_CONVERSION = YES;
				CLANG_WARN_OBJC_ROOT_CLASS = YES_ERROR;
				CLANG_WARN_UNREACHABLE_CODE = YES;
				CLANG_WARN__DUPLICATE_METHOD_MATCH = YES;
				"CODE_SIGN_IDENTITY[sdk=iphoneos*]" = "iPhone Developer";
				COPY_PHASE_STRIP = NO;
				DEBUG_INFORMATION_FORMAT = dwarf;
				ENABLE_STRICT_OBJC_MSGSEND = YES;
				ENABLE_TESTABILITY = YES;
				GCC_C_LANGUAGE_STANDARD = gnu99;
				GCC_DYNAMIC_NO_PIC = NO;
				GCC_NO_COMMON_BLOCKS = YES;
				GCC_OPTIMIZATION_LEVEL = 0;
				GCC_PREPROCESSOR_DEFINITIONS = (
					"DEBUG=1",
					"$(inherited)",
				);
				GCC_WARN_64_TO_32_BIT_CONVERSION = YES;
				GCC_WARN_ABOUT_RETURN_TYPE = YES_ERROR;
				GCC_WARN_UNDECLARED_SELECTOR = YES;
				GCC_WARN_UNINITIALIZED_AUTOS = YES_AGGRESSIVE;
				GCC_WARN_UNUSED_FUNCTION = YES;
				GCC_WARN_UNUSED_VARIABLE = YES;
				IPHONEOS_DEPLOYMENT_TARGET = 9.1;
				MTL_ENABLE_DEBUG_INFO = YES;
				ONLY_ACTIVE_ARCH = YES;
				SDKROOT = iphoneos;
			};
			name = Debug;
		};
		D23B07141C571BD5002FFC0E /* Release */ = {
			isa = XCBuildConfiguration;
			buildSettings = {
				ALWAYS_SEARCH_USER_PATHS = NO;
				CLANG_CXX_LANGUAGE_STANDARD = "gnu++0x";
				CLANG_CXX_LIBRARY = "libc++";
				CLANG_ENABLE_MODULES = YES;
				CLANG_ENABLE_OBJC_ARC = YES;
				CLANG_WARN_BOOL_CONVERSION = YES;
				CLANG_WARN_CONSTANT_CONVERSION = YES;
				CLANG_WARN_DIRECT_OBJC_ISA_USAGE = YES_ERROR;
				CLANG_WARN_EMPTY_BODY = YES;
				CLANG_WARN_ENUM_CONVERSION = YES;
				CLANG_WARN_INT_CONVERSION = YES;
				CLANG_WARN_OBJC_ROOT_CLASS = YES_ERROR;
				CLANG_WARN_UNREACHABLE_CODE = YES;
				CLANG_WARN__DUPLICATE_METHOD_MATCH = YES;
				"CODE_SIGN_IDENTITY[sdk=iphoneos*]" = "iPhone Developer";
				COPY_PHASE_STRIP = NO;
				DEBUG_INFORMATION_FORMAT = "dwarf-with-dsym";
				ENABLE_NS_ASSERTIONS = NO;
				ENABLE_STRICT_OBJC_MSGSEND = YES;
				GCC_C_LANGUAGE_STANDARD = gnu99;
				GCC_NO_COMMON_BLOCKS = YES;
				GCC_WARN_64_TO_32_BIT_CONVERSION = YES;
				GCC_WARN_ABOUT_RETURN_TYPE = YES_ERROR;
				GCC_WARN_UNDECLARED_SELECTOR = YES;
				GCC_WARN_UNINITIALIZED_AUTOS = YES_AGGRESSIVE;
				GCC_WARN_UNUSED_FUNCTION = YES;
				GCC_WARN_UNUSED_VARIABLE = YES;
				IPHONEOS_DEPLOYMENT_TARGET = 9.1;
				MTL_ENABLE_DEBUG_INFO = NO;
				SDKROOT = iphoneos;
				VALIDATE_PRODUCT = YES;
			};
			name = Release;
		};
		D23B07161C571BD5002FFC0E /* Debug */ = {
			isa = XCBuildConfiguration;
			buildSettings = {
				ASSETCATALOG_COMPILER_APPICON_NAME = AppIcon;
				FRAMEWORK_SEARCH_PATHS = (
					"$(inherited)",
					"$(PROJECT_DIR)/WLCookbook/libraries",
				);
				INFOPLIST_FILE = WLCookbook/Info.plist;
				LD_RUNPATH_SEARCH_PATHS = "$(inherited) @executable_path/Frameworks";
				PRODUCT_BUNDLE_IDENTIFIER = wonder.WLCookbook;
				PRODUCT_NAME = "$(TARGET_NAME)";
			};
			name = Debug;
		};
		D23B07171C571BD5002FFC0E /* Release */ = {
			isa = XCBuildConfiguration;
			buildSettings = {
				ASSETCATALOG_COMPILER_APPICON_NAME = AppIcon;
				FRAMEWORK_SEARCH_PATHS = (
					"$(inherited)",
					"$(PROJECT_DIR)/WLCookbook/libraries",
				);
				INFOPLIST_FILE = WLCookbook/Info.plist;
				LD_RUNPATH_SEARCH_PATHS = "$(inherited) @executable_path/Frameworks";
				PRODUCT_BUNDLE_IDENTIFIER = wonder.WLCookbook;
				PRODUCT_NAME = "$(TARGET_NAME)";
			};
			name = Release;
		};
/* End XCBuildConfiguration section */

/* Begin XCConfigurationList section */
		D23B06F61C571BD5002FFC0E /* Build configuration list for PBXProject "WLCookbook" */ = {
			isa = XCConfigurationList;
			buildConfigurations = (
				D23B07131C571BD5002FFC0E /* Debug */,
				D23B07141C571BD5002FFC0E /* Release */,
			);
			defaultConfigurationIsVisible = 0;
			defaultConfigurationName = Release;
		};
		D23B07151C571BD5002FFC0E /* Build configuration list for PBXNativeTarget "WLCookbook" */ = {
			isa = XCConfigurationList;
			buildConfigurations = (
				D23B07161C571BD5002FFC0E /* Debug */,
				D23B07171C571BD5002FFC0E /* Release */,
			);
			defaultConfigurationIsVisible = 0;
			defaultConfigurationName = Release;
		};
/* End XCConfigurationList section */

/* Begin XCVersionGroup section */
		D23B070A1C571BD5002FFC0E /* WLCookbook.xcdatamodeld */ = {
			isa = XCVersionGroup;
			children = (
				D23B070B1C571BD5002FFC0E /* WLCookbook.xcdatamodel */,
			);
			currentVersion = D23B070B1C571BD5002FFC0E /* WLCookbook.xcdatamodel */;
			path = WLCookbook.xcdatamodeld;
			sourceTree = "<group>";
			versionGroupType = wrapper.xcdatamodel;
		};
/* End XCVersionGroup section */
	};
	rootObject = D23B06F31C571BD5002FFC0E /* Project object */;
}
